// !$*UTF8*$!
{
	archiveVersion = 1;
	classes = {
	};
	objectVersion = 50;
	objects = {

/* Begin PBXBuildFile section */
		7B301E0D21E3CAC700FD505B /* MealTableViewController.swift in Sources */ = {isa = PBXBuildFile; fileRef = 7B301E0C21E3CAC700FD505B /* MealTableViewController.swift */; };
		7B897DE521E29060005407CF /* RatingControl.swift in Sources */ = {isa = PBXBuildFile; fileRef = 7B897DE421E29060005407CF /* RatingControl.swift */; };
		7B897DE721E2B38B005407CF /* Meal.swift in Sources */ = {isa = PBXBuildFile; fileRef = 7B897DE621E2B38B005407CF /* Meal.swift */; };
		7B897DE921E2BC87005407CF /* MealTableViewCell.swift in Sources */ = {isa = PBXBuildFile; fileRef = 7B897DE821E2BC87005407CF /* MealTableViewCell.swift */; };
		7BACD4A121E16D3A00D32160 /* AppDelegate.swift in Sources */ = {isa = PBXBuildFile; fileRef = 7BACD4A021E16D3A00D32160 /* AppDelegate.swift */; };
		7BACD4A321E16D3A00D32160 /* MealViewController.swift in Sources */ = {isa = PBXBuildFile; fileRef = 7BACD4A221E16D3A00D32160 /* MealViewController.swift */; };
		7BACD4A621E16D3A00D32160 /* Main.storyboard in Resources */ = {isa = PBXBuildFile; fileRef = 7BACD4A421E16D3A00D32160 /* Main.storyboard */; };
		7BACD4A821E16D3B00D32160 /* Assets.xcassets in Resources */ = {isa = PBXBuildFile; fileRef = 7BACD4A721E16D3B00D32160 /* Assets.xcassets */; };
		7BACD4AB21E16D3B00D32160 /* LaunchScreen.storyboard in Resources */ = {isa = PBXBuildFile; fileRef = 7BACD4A921E16D3B00D32160 /* LaunchScreen.storyboard */; };
		7BACD4B621E16D3B00D32160 /* ZetaTests.swift in Sources */ = {isa = PBXBuildFile; fileRef = 7BACD4B521E16D3B00D32160 /* ZetaTests.swift */; };
/* End PBXBuildFile section */

/* Begin PBXContainerItemProxy section */
		7BACD4B221E16D3B00D32160 /* PBXContainerItemProxy */ = {
			isa = PBXContainerItemProxy;
			containerPortal = 7BACD49521E16D3A00D32160 /* Project object */;
			proxyType = 1;
			remoteGlobalIDString = 7BACD49C21E16D3A00D32160;
			remoteInfo = Zeta;
		};
/* End PBXContainerItemProxy section */

/* Begin PBXFileReference section */
		7B301E0C21E3CAC700FD505B /* MealTableViewController.swift */ = {isa = PBXFileReference; lastKnownFileType = sourcecode.swift; path = MealTableViewController.swift; sourceTree = "<group>"; };
		7B897DE421E29060005407CF /* RatingControl.swift */ = {isa = PBXFileReference; lastKnownFileType = sourcecode.swift; path = RatingControl.swift; sourceTree = "<group>"; };
		7B897DE621E2B38B005407CF /* Meal.swift */ = {isa = PBXFileReference; lastKnownFileType = sourcecode.swift; path = Meal.swift; sourceTree = "<group>"; };
		7B897DE821E2BC87005407CF /* MealTableViewCell.swift */ = {isa = PBXFileReference; lastKnownFileType = sourcecode.swift; path = MealTableViewCell.swift; sourceTree = "<group>"; };
		7BACD49D21E16D3A00D32160 /* Zeta.app */ = {isa = PBXFileReference; explicitFileType = wrapper.application; includeInIndex = 0; path = Zeta.app; sourceTree = BUILT_PRODUCTS_DIR; };
		7BACD4A021E16D3A00D32160 /* AppDelegate.swift */ = {isa = PBXFileReference; lastKnownFileType = sourcecode.swift; path = AppDelegate.swift; sourceTree = "<group>"; };
		7BACD4A221E16D3A00D32160 /* MealViewController.swift */ = {isa = PBXFileReference; lastKnownFileType = sourcecode.swift; path = MealViewController.swift; sourceTree = "<group>"; };
		7BACD4A521E16D3A00D32160 /* Base */ = {isa = PBXFileReference; lastKnownFileType = file.storyboard; name = Base; path = Base.lproj/Main.storyboard; sourceTree = "<group>"; };
		7BACD4A721E16D3B00D32160 /* Assets.xcassets */ = {isa = PBXFileReference; lastKnownFileType = folder.assetcatalog; path = Assets.xcassets; sourceTree = "<group>"; };
		7BACD4AA21E16D3B00D32160 /* Base */ = {isa = PBXFileReference; lastKnownFileType = file.storyboard; name = Base; path = Base.lproj/LaunchScreen.storyboard; sourceTree = "<group>"; };
		7BACD4AC21E16D3B00D32160 /* Info.plist */ = {isa = PBXFileReference; lastKnownFileType = text.plist.xml; path = Info.plist; sourceTree = "<group>"; };
		7BACD4B121E16D3B00D32160 /* ZetaTests.xctest */ = {isa = PBXFileReference; explicitFileType = wrapper.cfbundle; includeInIndex = 0; path = ZetaTests.xctest; sourceTree = BUILT_PRODUCTS_DIR; };
		7BACD4B521E16D3B00D32160 /* ZetaTests.swift */ = {isa = PBXFileReference; lastKnownFileType = sourcecode.swift; path = ZetaTests.swift; sourceTree = "<group>"; };
		7BACD4B721E16D3B00D32160 /* Info.plist */ = {isa = PBXFileReference; lastKnownFileType = text.plist.xml; path = Info.plist; sourceTree = "<group>"; };
/* End PBXFileReference section */

/* Begin PBXFrameworksBuildPhase section */
		7BACD49A21E16D3A00D32160 /* Frameworks */ = {
			isa = PBXFrameworksBuildPhase;
			buildActionMask = 2147483647;
			files = (
			);
			runOnlyForDeploymentPostprocessing = 0;
		};
		7BACD4AE21E16D3B00D32160 /* Frameworks */ = {
			isa = PBXFrameworksBuildPhase;
			buildActionMask = 2147483647;
			files = (
			);
			runOnlyForDeploymentPostprocessing = 0;
		};
/* End PBXFrameworksBuildPhase section */

/* Begin PBXGroup section */
		7BACD49421E16D3A00D32160 = {
			isa = PBXGroup;
			children = (
				7BACD49F21E16D3A00D32160 /* Zeta */,
				7BACD4B421E16D3B00D32160 /* ZetaTests */,
				7BACD49E21E16D3A00D32160 /* Products */,
			);
			sourceTree = "<group>";
		};
		7BACD49E21E16D3A00D32160 /* Products */ = {
			isa = PBXGroup;
			children = (
				7BACD49D21E16D3A00D32160 /* Zeta.app */,
				7BACD4B121E16D3B00D32160 /* ZetaTests.xctest */,
			);
			name = Products;
			sourceTree = "<group>";
		};
		7BACD49F21E16D3A00D32160 /* Zeta */ = {
			isa = PBXGroup;
			children = (
				7BACD4A021E16D3A00D32160 /* AppDelegate.swift */,
				7BACD4A221E16D3A00D32160 /* MealViewController.swift */,
				7B897DE421E29060005407CF /* RatingControl.swift */,
				7B897DE621E2B38B005407CF /* Meal.swift */,
				7B897DE821E2BC87005407CF /* MealTableViewCell.swift */,
				7B301E0C21E3CAC700FD505B /* MealTableViewController.swift */,
				7BACD4A421E16D3A00D32160 /* Main.storyboard */,
				7BACD4A721E16D3B00D32160 /* Assets.xcassets */,
				7BACD4A921E16D3B00D32160 /* LaunchScreen.storyboard */,
				7BACD4AC21E16D3B00D32160 /* Info.plist */,
			);
			path = Zeta;
			sourceTree = "<group>";
		};
		7BACD4B421E16D3B00D32160 /* ZetaTests */ = {
			isa = PBXGroup;
			children = (
				7BACD4B521E16D3B00D32160 /* ZetaTests.swift */,
				7BACD4B721E16D3B00D32160 /* Info.plist */,
			);
			path = ZetaTests;
			sourceTree = "<group>";
		};
/* End PBXGroup section */

/* Begin PBXNativeTarget section */
		7BACD49C21E16D3A00D32160 /* Zeta */ = {
			isa = PBXNativeTarget;
			buildConfigurationList = 7BACD4BA21E16D3B00D32160 /* Build configuration list for PBXNativeTarget "Zeta" */;
			buildPhases = (
				7BACD49921E16D3A00D32160 /* Sources */,
				7BACD49A21E16D3A00D32160 /* Frameworks */,
				7BACD49B21E16D3A00D32160 /* Resources */,
			);
			buildRules = (
			);
			dependencies = (
			);
			name = Zeta;
			productName = Zeta;
			productReference = 7BACD49D21E16D3A00D32160 /* Zeta.app */;
			productType = "com.apple.product-type.application";
		};
		7BACD4B021E16D3B00D32160 /* ZetaTests */ = {
			isa = PBXNativeTarget;
			buildConfigurationList = 7BACD4BD21E16D3B00D32160 /* Build configuration list for PBXNativeTarget "ZetaTests" */;
			buildPhases = (
				7BACD4AD21E16D3B00D32160 /* Sources */,
				7BACD4AE21E16D3B00D32160 /* Frameworks */,
				7BACD4AF21E16D3B00D32160 /* Resources */,
			);
			buildRules = (
			);
			dependencies = (
				7BACD4B321E16D3B00D32160 /* PBXTargetDependency */,
			);
			name = ZetaTests;
			productName = ZetaTests;
			productReference = 7BACD4B121E16D3B00D32160 /* ZetaTests.xctest */;
			productType = "com.apple.product-type.bundle.unit-test";
		};
/* End PBXNativeTarget section */

/* Begin PBXProject section */
		7BACD49521E16D3A00D32160 /* Project object */ = {
			isa = PBXProject;
			attributes = {
				LastSwiftUpdateCheck = 1010;
				LastUpgradeCheck = 1010;
				ORGANIZATIONNAME = "Adam Rinehouse";
				TargetAttributes = {
					7BACD49C21E16D3A00D32160 = {
						CreatedOnToolsVersion = 10.1;
					};
					7BACD4B021E16D3B00D32160 = {
						CreatedOnToolsVersion = 10.1;
						TestTargetID = 7BACD49C21E16D3A00D32160;
					};
				};
			};
			buildConfigurationList = 7BACD49821E16D3A00D32160 /* Build configuration list for PBXProject "Zeta" */;
			compatibilityVersion = "Xcode 9.3";
			developmentRegion = en;
			hasScannedForEncodings = 0;
			knownRegions = (
				en,
				Base,
			);
			mainGroup = 7BACD49421E16D3A00D32160;
			productRefGroup = 7BACD49E21E16D3A00D32160 /* Products */;
			projectDirPath = "";
			projectRoot = "";
			targets = (
				7BACD49C21E16D3A00D32160 /* Zeta */,
				7BACD4B021E16D3B00D32160 /* ZetaTests */,
			);
		};
/* End PBXProject section */

/* Begin PBXResourcesBuildPhase section */
		7BACD49B21E16D3A00D32160 /* Resources */ = {
			isa = PBXResourcesBuildPhase;
			buildActionMask = 2147483647;
			files = (
				7BACD4AB21E16D3B00D32160 /* LaunchScreen.storyboard in Resources */,
				7BACD4A821E16D3B00D32160 /* Assets.xcassets in Resources */,
				7BACD4A621E16D3A00D32160 /* Main.storyboard in Resources */,
			);
			runOnlyForDeploymentPostprocessing = 0;
		};
		7BACD4AF21E16D3B00D32160 /* Resources */ = {
			isa = PBXResourcesBuildPhase;
			buildActionMask = 2147483647;
			files = (
			);
			runOnlyForDeploymentPostprocessing = 0;
		};
/* End PBXResourcesBuildPhase section */

/* Begin PBXSourcesBuildPhase section */
		7BACD49921E16D3A00D32160 /* Sources */ = {
			isa = PBXSourcesBuildPhase;
			buildActionMask = 2147483647;
			files = (
				7B897DE721E2B38B005407CF /* Meal.swift in Sources */,
				7BACD4A321E16D3A00D32160 /* MealViewController.swift in Sources */,
				7B897DE521E29060005407CF /* RatingControl.swift in Sources */,
				7BACD4A121E16D3A00D32160 /* AppDelegate.swift in Sources */,
				7B301E0D21E3CAC700FD505B /* MealTableViewController.swift in Sources */,
				7B897DE921E2BC87005407CF /* MealTableViewCell.swift in Sources */,
			);
			runOnlyForDeploymentPostprocessing = 0;
		};
		7BACD4AD21E16D3B00D32160 /* Sources */ = {
			isa = PBXSourcesBuildPhase;
			buildActionMask = 2147483647;
			files = (
				7BACD4B621E16D3B00D32160 /* ZetaTests.swift in Sources */,
			);
			runOnlyForDeploymentPostprocessing = 0;
		};
/* End PBXSourcesBuildPhase section */

/* Begin PBXTargetDependency section */
		7BACD4B321E16D3B00D32160 /* PBXTargetDependency */ = {
			isa = PBXTargetDependency;
			target = 7BACD49C21E16D3A00D32160 /* Zeta */;
			targetProxy = 7BACD4B221E16D3B00D32160 /* PBXContainerItemProxy */;
		};
/* End PBXTargetDependency section */

/* Begin PBXVariantGroup section */
		7BACD4A421E16D3A00D32160 /* Main.storyboard */ = {
			isa = PBXVariantGroup;
			children = (
				7BACD4A521E16D3A00D32160 /* Base */,
			);
			name = Main.storyboard;
			sourceTree = "<group>";
		};
		7BACD4A921E16D3B00D32160 /* LaunchScreen.storyboard */ = {
			isa = PBXVariantGroup;
			children = (
				7BACD4AA21E16D3B00D32160 /* Base */,
			);
			name = LaunchScreen.storyboard;
			sourceTree = "<group>";
		};
/* End PBXVariantGroup section */

/* Begin XCBuildConfiguration section */
		7BACD4B821E16D3B00D32160 /* Debug */ = {
			isa = XCBuildConfiguration;
			buildSettings = {
				ALWAYS_SEARCH_USER_PATHS = NO;
				CLANG_ANALYZER_NONNULL = YES;
				CLANG_ANALYZER_NUMBER_OBJECT_CONVERSION = YES_AGGRESSIVE;
				CLANG_CXX_LANGUAGE_STANDARD = "gnu++14";
				CLANG_CXX_LIBRARY = "libc++";
				CLANG_ENABLE_MODULES = YES;
				CLANG_ENABLE_OBJC_ARC = YES;
				CLANG_ENABLE_OBJC_WEAK = YES;
				CLANG_WARN_BLOCK_CAPTURE_AUTORELEASING = YES;
				CLANG_WARN_BOOL_CONVERSION = YES;
				CLANG_WARN_COMMA = YES;
				CLANG_WARN_CONSTANT_CONVERSION = YES;
				CLANG_WARN_DEPRECATED_OBJC_IMPLEMENTATIONS = YES;
				CLANG_WARN_DIRECT_OBJC_ISA_USAGE = YES_ERROR;
				CLANG_WARN_DOCUMENTATION_COMMENTS = YES;
				CLANG_WARN_EMPTY_BODY = YES;
				CLANG_WARN_ENUM_CONVERSION = YES;
				CLANG_WARN_INFINITE_RECURSION = YES;
				CLANG_WARN_INT_CONVERSION = YES;
				CLANG_WARN_NON_LITERAL_NULL_CONVERSION = YES;
				CLANG_WARN_OBJC_IMPLICIT_RETAIN_SELF = YES;
				CLANG_WARN_OBJC_LITERAL_CONVERSION = YES;
				CLANG_WARN_OBJC_ROOT_CLASS = YES_ERROR;
				CLANG_WARN_RANGE_LOOP_ANALYSIS = YES;
				CLANG_WARN_STRICT_PROTOTYPES = YES;
				CLANG_WARN_SUSPICIOUS_MOVE = YES;
				CLANG_WARN_UNGUARDED_AVAILABILITY = YES_AGGRESSIVE;
				CLANG_WARN_UNREACHABLE_CODE = YES;
				CLANG_WARN__DUPLICATE_METHOD_MATCH = YES;
				CODE_SIGN_IDENTITY = "iPhone Developer";
				COPY_PHASE_STRIP = NO;
				DEBUG_INFORMATION_FORMAT = dwarf;
				ENABLE_STRICT_OBJC_MSGSEND = YES;
				ENABLE_TESTABILITY = YES;
				GCC_C_LANGUAGE_STANDARD = gnu11;
				GCC_DYNAMIC_NO_PIC = NO;
				GCC_NO_COMMON_BLOCKS = YES;
				GCC_OPTIMIZATION_LEVEL = 0;
				GCC_PREPROCESSOR_DEFINITIONS = (
					"DEBUG=1",
					"$(inherited)",
				);
				GCC_WARN_64_TO_32_BIT_CONVERSION = YES;
				GCC_WARN_ABOUT_RETURN_TYPE = YES_ERROR;
				GCC_WARN_UNDECLARED_SELECTOR = YES;
				GCC_WARN_UNINITIALIZED_AUTOS = YES_AGGRESSIVE;
				GCC_WARN_UNUSED_FUNCTION = YES;
				GCC_WARN_UNUSED_VARIABLE = YES;
				IPHONEOS_DEPLOYMENT_TARGET = 12.1;
				MTL_ENABLE_DEBUG_INFO = INCLUDE_SOURCE;
				MTL_FAST_MATH = YES;
				ONLY_ACTIVE_ARCH = YES;
				SDKROOT = iphoneos;
				SWIFT_ACTIVE_COMPILATION_CONDITIONS = DEBUG;
				SWIFT_OPTIMIZATION_LEVEL = "-Onone";
			};
			name = Debug;
		};
		7BACD4B921E16D3B00D32160 /* Release */ = {
			isa = XCBuildConfiguration;
			buildSettings = {
				ALWAYS_SEARCH_USER_PATHS = NO;
				CLANG_ANALYZER_NONNULL = YES;
				CLANG_ANALYZER_NUMBER_OBJECT_CONVERSION = YES_AGGRESSIVE;
				CLANG_CXX_LANGUAGE_STANDARD = "gnu++14";
				CLANG_CXX_LIBRARY = "libc++";
				CLANG_ENABLE_MODULES = YES;
				CLANG_ENABLE_OBJC_ARC = YES;
				CLANG_ENABLE_OBJC_WEAK = YES;
				CLANG_WARN_BLOCK_CAPTURE_AUTORELEASING = YES;
				CLANG_WARN_BOOL_CONVERSION = YES;
				CLANG_WARN_COMMA = YES;
				CLANG_WARN_CONSTANT_CONVERSION = YES;
				CLANG_WARN_DEPRECATED_OBJC_IMPLEMENTATIONS = YES;
				CLANG_WARN_DIRECT_OBJC_ISA_USAGE = YES_ERROR;
				CLANG_WARN_DOCUMENTATION_COMMENTS = YES;
				CLANG_WARN_EMPTY_BODY = YES;
				CLANG_WARN_ENUM_CONVERSION = YES;
				CLANG_WARN_INFINITE_RECURSION = YES;
				CLANG_WARN_INT_CONVERSION = YES;
				CLANG_WARN_NON_LITERAL_NULL_CONVERSION = YES;
				CLANG_WARN_OBJC_IMPLICIT_RETAIN_SELF = YES;
				CLANG_WARN_OBJC_LITERAL_CONVERSION = YES;
				CLANG_WARN_OBJC_ROOT_CLASS = YES_ERROR;
				CLANG_WARN_RANGE_LOOP_ANALYSIS = YES;
				CLANG_WARN_STRICT_PROTOTYPES = YES;
				CLANG_WARN_SUSPICIOUS_MOVE = YES;
				CLANG_WARN_UNGUARDED_AVAILABILITY = YES_AGGRESSIVE;
				CLANG_WARN_UNREACHABLE_CODE = YES;
				CLANG_WARN__DUPLICATE_METHOD_MATCH = YES;
				CODE_SIGN_IDENTITY = "iPhone Developer";
				COPY_PHASE_STRIP = NO;
				DEBUG_INFORMATION_FORMAT = "dwarf-with-dsym";
				ENABLE_NS_ASSERTIONS = NO;
				ENABLE_STRICT_OBJC_MSGSEND = YES;
				GCC_C_LANGUAGE_STANDARD = gnu11;
				GCC_NO_COMMON_BLOCKS = YES;
				GCC_WARN_64_TO_32_BIT_CONVERSION = YES;
				GCC_WARN_ABOUT_RETURN_TYPE = YES_ERROR;
				GCC_WARN_UNDECLARED_SELECTOR = YES;
				GCC_WARN_UNINITIALIZED_AUTOS = YES_AGGRESSIVE;
				GCC_WARN_UNUSED_FUNCTION = YES;
				GCC_WARN_UNUSED_VARIABLE = YES;
				IPHONEOS_DEPLOYMENT_TARGET = 12.1;
				MTL_ENABLE_DEBUG_INFO = NO;
				MTL_FAST_MATH = YES;
				SDKROOT = iphoneos;
				SWIFT_COMPILATION_MODE = wholemodule;
				SWIFT_OPTIMIZATION_LEVEL = "-O";
				VALIDATE_PRODUCT = YES;
			};
			name = Release;
		};
		7BACD4BB21E16D3B00D32160 /* Debug */ = {
			isa = XCBuildConfiguration;
			buildSettings = {
				ASSETCATALOG_COMPILER_APPICON_NAME = AppIcon;
				CODE_SIGN_STYLE = Automatic;
				DEVELOPMENT_TEAM = 638U266R22;
				INFOPLIST_FILE = Zeta/Info.plist;
				LD_RUNPATH_SEARCH_PATHS = (
					"$(inherited)",
					"@executable_path/Frameworks",
				);
				PRODUCT_BUNDLE_IDENTIFIER = com.cs98.Zeta;
				PRODUCT_NAME = "$(TARGET_NAME)";
				SWIFT_VERSION = 4.2;
				TARGETED_DEVICE_FAMILY = "1,2";
			};
			name = Debug;
		};
		7BACD4BC21E16D3B00D32160 /* Release */ = {
			isa = XCBuildConfiguration;
			buildSettings = {
				ASSETCATALOG_COMPILER_APPICON_NAME = AppIcon;
				CODE_SIGN_STYLE = Automatic;
				DEVELOPMENT_TEAM = 638U266R22;
				INFOPLIST_FILE = Zeta/Info.plist;
				LD_RUNPATH_SEARCH_PATHS = (
					"$(inherited)",
					"@executable_path/Frameworks",
				);
				PRODUCT_BUNDLE_IDENTIFIER = com.cs98.Zeta;
				PRODUCT_NAME = "$(TARGET_NAME)";
				SWIFT_VERSION = 4.2;
				TARGETED_DEVICE_FAMILY = "1,2";
			};
			name = Release;
		};
		7BACD4BE21E16D3B00D32160 /* Debug */ = {
			isa = XCBuildConfiguration;
			buildSettings = {
				ALWAYS_EMBED_SWIFT_STANDARD_LIBRARIES = YES;
				BUNDLE_LOADER = "$(TEST_HOST)";
				CODE_SIGN_STYLE = Automatic;
				INFOPLIST_FILE = ZetaTests/Info.plist;
				LD_RUNPATH_SEARCH_PATHS = (
					"$(inherited)",
					"@executable_path/Frameworks",
					"@loader_path/Frameworks",
				);
				PRODUCT_BUNDLE_IDENTIFIER = com.example.ZetaTests;
				PRODUCT_NAME = "$(TARGET_NAME)";
				SWIFT_VERSION = 4.2;
				TARGETED_DEVICE_FAMILY = "1,2";
				TEST_HOST = "$(BUILT_PRODUCTS_DIR)/Zeta.app/Zeta";
			};
			name = Debug;
		};
		7BACD4BF21E16D3B00D32160 /* Release */ = {
			isa = XCBuildConfiguration;
			buildSettings = {
				ALWAYS_EMBED_SWIFT_STANDARD_LIBRARIES = YES;
				BUNDLE_LOADER = "$(TEST_HOST)";
				CODE_SIGN_STYLE = Automatic;
				INFOPLIST_FILE = ZetaTests/Info.plist;
				LD_RUNPATH_SEARCH_PATHS = (
					"$(inherited)",
					"@executable_path/Frameworks",
					"@loader_path/Frameworks",
				);
				PRODUCT_BUNDLE_IDENTIFIER = com.example.ZetaTests;
				PRODUCT_NAME = "$(TARGET_NAME)";
				SWIFT_VERSION = 4.2;
				TARGETED_DEVICE_FAMILY = "1,2";
				TEST_HOST = "$(BUILT_PRODUCTS_DIR)/Zeta.app/Zeta";
			};
			name = Release;
		};
/* End XCBuildConfiguration section */

/* Begin XCConfigurationList section */
		7BACD49821E16D3A00D32160 /* Build configuration list for PBXProject "Zeta" */ = {
			isa = XCConfigurationList;
			buildConfigurations = (
				7BACD4B821E16D3B00D32160 /* Debug */,
				7BACD4B921E16D3B00D32160 /* Release */,
			);
			defaultConfigurationIsVisible = 0;
			defaultConfigurationName = Release;
		};
		7BACD4BA21E16D3B00D32160 /* Build configuration list for PBXNativeTarget "Zeta" */ = {
			isa = XCConfigurationList;
			buildConfigurations = (
				7BACD4BB21E16D3B00D32160 /* Debug */,
				7BACD4BC21E16D3B00D32160 /* Release */,
			);
			defaultConfigurationIsVisible = 0;
			defaultConfigurationName = Release;
		};
		7BACD4BD21E16D3B00D32160 /* Build configuration list for PBXNativeTarget "ZetaTests" */ = {
			isa = XCConfigurationList;
			buildConfigurations = (
				7BACD4BE21E16D3B00D32160 /* Debug */,
				7BACD4BF21E16D3B00D32160 /* Release */,
			);
			defaultConfigurationIsVisible = 0;
			defaultConfigurationName = Release;
		};
/* End XCConfigurationList section */
	};
	rootObject = 7BACD49521E16D3A00D32160 /* Project object */;
}
